
Microsoft Visual Studio Solution File, Format Version 12.00
# Visual Studio Version 17
VisualStudioVersion = 17.8.34525.116
MinimumVisualStudioVersion = 10.0.40219.1
Project("{FAE04EC0-301F-11D3-BF4B-00C04F79EFBC}") = "IMDBFilmLibrary", "IMDBFilmLibrary.csproj", "{5A27932A-BBE5-472F-9335-B96A0C4EBBBB}"
EndProject
Global
	GlobalSection(SolutionConfigurationPlatforms) = preSolution
		Debug|Any CPU = Debug|Any CPU
		Release|Any CPU = Release|Any CPU
	EndGlobalSection
	GlobalSection(ProjectConfigurationPlatforms) = postSolution
		{5A27932A-BBE5-472F-9335-B96A0C4EBBBB}.Debug|Any CPU.ActiveCfg = Debug|Any CPU
		{5A27932A-BBE5-472F-9335-B96A0C4EBBBB}.Debug|Any CPU.Build.0 = Debug|Any CPU
		{5A27932A-BBE5-472F-9335-B96A0C4EBBBB}.Release|Any CPU.ActiveCfg = Release|Any CPU
		{5A27932A-BBE5-472F-9335-B96A0C4EBBBB}.Release|Any CPU.Build.0 = Release|Any CPU
	EndGlobalSection
	GlobalSection(SolutionProperties) = preSolution
		HideSolutionNode = FALSE
	EndGlobalSection
	GlobalSection(ExtensibilityGlobals) = postSolution
		SolutionGuid = {EB2D12EB-D1AE-4E9F-8999-F6234E54279C}
	EndGlobalSection
EndGlobal
